
Microsoft Visual Studio Solution File, Format Version 12.00
# Visual Studio Version 16
VisualStudioVersion = 16.0.31205.134
MinimumVisualStudioVersion = 10.0.40219.1
Project("{FAE04EC0-301F-11D3-BF4B-00C04F79EFBC}") = "FileIO-IOStream", "FileIO-IOStream\FileIO-IOStream.csproj", "{1F4E3ED7-0C88-4ADA-9201-552428FF3CBD}"
EndProject
Global
	GlobalSection(SolutionConfigurationPlatforms) = preSolution
		Debug|Any CPU = Debug|Any CPU
		Release|Any CPU = Release|Any CPU
	EndGlobalSection
	GlobalSection(ProjectConfigurationPlatforms) = postSolution
		{1F4E3ED7-0C88-4ADA-9201-552428FF3CBD}.Debug|Any CPU.ActiveCfg = Debug|Any CPU
		{1F4E3ED7-0C88-4ADA-9201-552428FF3CBD}.Debug|Any CPU.Build.0 = Debug|Any CPU
		{1F4E3ED7-0C88-4ADA-9201-552428FF3CBD}.Release|Any CPU.ActiveCfg = Release|Any CPU
		{1F4E3ED7-0C88-4ADA-9201-552428FF3CBD}.Release|Any CPU.Build.0 = Release|Any CPU
	EndGlobalSection
	GlobalSection(SolutionProperties) = preSolution
		HideSolutionNode = FALSE
	EndGlobalSection
	GlobalSection(ExtensibilityGlobals) = postSolution
		SolutionGuid = {F2543DE8-CB34-4177-AE8B-B36150696240}
	EndGlobalSection
EndGlobal
